
Microsoft Visual Studio Solution File, Format Version 12.00
# Visual Studio Version 16
VisualStudioVersion = 16.0.28803.202
MinimumVisualStudioVersion = 10.0.40219.1
Project("{FAE04EC0-301F-11D3-BF4B-00C04F79EFBC}") = "Лаб. 1", "Лаб. 1\Лаб. 1.csproj", "{22C15449-F382-4632-AACE-595542E8E6E8}"
EndProject
Global
	GlobalSection(SolutionConfigurationPlatforms) = preSolution
		Debug|Any CPU = Debug|Any CPU
		Release|Any CPU = Release|Any CPU
	EndGlobalSection
	GlobalSection(ProjectConfigurationPlatforms) = postSolution
		{22C15449-F382-4632-AACE-595542E8E6E8}.Debug|Any CPU.ActiveCfg = Debug|Any CPU
		{22C15449-F382-4632-AACE-595542E8E6E8}.Debug|Any CPU.Build.0 = Debug|Any CPU
		{22C15449-F382-4632-AACE-595542E8E6E8}.Release|Any CPU.ActiveCfg = Release|Any CPU
		{22C15449-F382-4632-AACE-595542E8E6E8}.Release|Any CPU.Build.0 = Release|Any CPU
	EndGlobalSection
	GlobalSection(SolutionProperties) = preSolution
		HideSolutionNode = FALSE
	EndGlobalSection
	GlobalSection(ExtensibilityGlobals) = postSolution
		SolutionGuid = {48414266-840D-4E8C-AB01-C53B22013699}
	EndGlobalSection
EndGlobal
